// !$*UTF8*$!
{
	archiveVersion = 1;
	classes = {
	};
	objectVersion = 46;
	objects = {

/* Begin PBXBuildFile section */
		4124BBE31A375C5E0044DE8F /* 200910040517057f0@2x.jpg in Resources */ = {isa = PBXBuildFile; fileRef = 4124BBE21A375C5E0044DE8F /* 200910040517057f0@2x.jpg */; };
		41305AAB195544BF00586DF3 /* MyUIApplication.m in Sources */ = {isa = PBXBuildFile; fileRef = 41305AAA195544BF00586DF3 /* MyUIApplication.m */; };
		414E17DC19556C1900CBF5E4 /* TweetSheetViewController.m in Sources */ = {isa = PBXBuildFile; fileRef = 414E17DB19556C1900CBF5E4 /* TweetSheetViewController.m */; };
		414E17EA19557CF500CBF5E4 /* new017_03.png in Resources */ = {isa = PBXBuildFile; fileRef = 414E17E919557CF500CBF5E4 /* new017_03.png */; };
		414E17F319558A3B00CBF5E4 /* id.png in Resources */ = {isa = PBXBuildFile; fileRef = 414E17F219558A3B00CBF5E4 /* id.png */; };
		414E17F719558B3600CBF5E4 /* twitter-bird.png in Resources */ = {isa = PBXBuildFile; fileRef = 414E17F619558B3600CBF5E4 /* twitter-bird.png */; };
		414E17F919558B8900CBF5E4 /* arrow-left@2x.png in Resources */ = {isa = PBXBuildFile; fileRef = 414E17F819558B8900CBF5E4 /* arrow-left@2x.png */; };
		414E17FB19558B9200CBF5E4 /* arrow-right@2x.png in Resources */ = {isa = PBXBuildFile; fileRef = 414E17FA19558B9200CBF5E4 /* arrow-right@2x.png */; };
		414E17FD19558C1000CBF5E4 /* refresh@2x.png in Resources */ = {isa = PBXBuildFile; fileRef = 414E17FC19558C1000CBF5E4 /* refresh@2x.png */; };
		41866FAC194C0EE100FD3340 /* Foundation.framework in Frameworks */ = {isa = PBXBuildFile; fileRef = 41866FAB194C0EE100FD3340 /* Foundation.framework */; };
		41866FAE194C0EE100FD3340 /* CoreGraphics.framework in Frameworks */ = {isa = PBXBuildFile; fileRef = 41866FAD194C0EE100FD3340 /* CoreGraphics.framework */; };
		41866FB0194C0EE100FD3340 /* UIKit.framework in Frameworks */ = {isa = PBXBuildFile; fileRef = 41866FAF194C0EE100FD3340 /* UIKit.framework */; };
		41866FB6194C0EE100FD3340 /* InfoPlist.strings in Resources */ = {isa = PBXBuildFile; fileRef = 41866FB4194C0EE100FD3340 /* InfoPlist.strings */; };
		41866FB8194C0EE100FD3340 /* main.m in Sources */ = {isa = PBXBuildFile; fileRef = 41866FB7194C0EE100FD3340 /* main.m */; };
		41866FBC194C0EE100FD3340 /* AppDelegate.m in Sources */ = {isa = PBXBuildFile; fileRef = 41866FBB194C0EE100FD3340 /* AppDelegate.m */; };
		41866FBF194C0EE100FD3340 /* Main.storyboard in Resources */ = {isa = PBXBuildFile; fileRef = 41866FBD194C0EE100FD3340 /* Main.storyboard */; };
		41866FC2194C0EE100FD3340 /* ViewController.m in Sources */ = {isa = PBXBuildFile; fileRef = 41866FC1194C0EE100FD3340 /* ViewController.m */; };
		41866FC4194C0EE100FD3340 /* Images.xcassets in Resources */ = {isa = PBXBuildFile; fileRef = 41866FC3194C0EE100FD3340 /* Images.xcassets */; };
		41866FCB194C0EE100FD3340 /* XCTest.framework in Frameworks */ = {isa = PBXBuildFile; fileRef = 41866FCA194C0EE100FD3340 /* XCTest.framework */; };
		41866FCC194C0EE100FD3340 /* Foundation.framework in Frameworks */ = {isa = PBXBuildFile; fileRef = 41866FAB194C0EE100FD3340 /* Foundation.framework */; };
		41866FCD194C0EE100FD3340 /* UIKit.framework in Frameworks */ = {isa = PBXBuildFile; fileRef = 41866FAF194C0EE100FD3340 /* UIKit.framework */; };
		41866FD5194C0EE100FD3340 /* InfoPlist.strings in Resources */ = {isa = PBXBuildFile; fileRef = 41866FD3194C0EE100FD3340 /* InfoPlist.strings */; };
		41866FD7194C0EE100FD3340 /* InfinityTests.m in Sources */ = {isa = PBXBuildFile; fileRef = 41866FD6194C0EE100FD3340 /* InfinityTests.m */; };
		41866FE2194C297C00FD3340 /* TimeLineTableViewController.m in Sources */ = {isa = PBXBuildFile; fileRef = 41866FE1194C297C00FD3340 /* TimeLineTableViewController.m */; };
		41866FE5194C2BE400FD3340 /* TimeLineCell.m in Sources */ = {isa = PBXBuildFile; fileRef = 41866FE4194C2BE400FD3340 /* TimeLineCell.m */; };
		41A050BB195519D70071D968 /* DetailViewController.m in Sources */ = {isa = PBXBuildFile; fileRef = 41A050BA195519D70071D968 /* DetailViewController.m */; };
		41A050BE19553F500071D968 /* WebViewController.m in Sources */ = {isa = PBXBuildFile; fileRef = 41A050BD19553F500071D968 /* WebViewController.m */; };
/* End PBXBuildFile section */

/* Begin PBXContainerItemProxy section */
		41866FCE194C0EE100FD3340 /* PBXContainerItemProxy */ = {
			isa = PBXContainerItemProxy;
			containerPortal = 41866FA0194C0EE100FD3340 /* Project object */;
			proxyType = 1;
			remoteGlobalIDString = 41866FA7194C0EE100FD3340;
			remoteInfo = Infinity;
		};
/* End PBXContainerItemProxy section */

/* Begin PBXFileReference section */
		4124BBE21A375C5E0044DE8F /* 200910040517057f0@2x.jpg */ = {isa = PBXFileReference; lastKnownFileType = image.jpeg; path = "200910040517057f0@2x.jpg"; sourceTree = "<group>"; };
		41305AA9195544BF00586DF3 /* MyUIApplication.h */ = {isa = PBXFileReference; fileEncoding = 4; lastKnownFileType = sourcecode.c.h; path = MyUIApplication.h; sourceTree = "<group>"; };
		41305AAA195544BF00586DF3 /* MyUIApplication.m */ = {isa = PBXFileReference; fileEncoding = 4; lastKnownFileType = sourcecode.c.objc; path = MyUIApplication.m; sourceTree = "<group>"; };
		414E17DA19556C1900CBF5E4 /* TweetSheetViewController.h */ = {isa = PBXFileReference; fileEncoding = 4; lastKnownFileType = sourcecode.c.h; path = TweetSheetViewController.h; sourceTree = "<group>"; };
		414E17DB19556C1900CBF5E4 /* TweetSheetViewController.m */ = {isa = PBXFileReference; fileEncoding = 4; lastKnownFileType = sourcecode.c.objc; path = TweetSheetViewController.m; sourceTree = "<group>"; };
		414E17E919557CF500CBF5E4 /* new017_03.png */ = {isa = PBXFileReference; lastKnownFileType = image.png; path = new017_03.png; sourceTree = "<group>"; };
		414E17F219558A3B00CBF5E4 /* id.png */ = {isa = PBXFileReference; lastKnownFileType = image.png; path = id.png; sourceTree = "<group>"; };
		414E17F619558B3600CBF5E4 /* twitter-bird.png */ = {isa = PBXFileReference; lastKnownFileType = image.png; path = "twitter-bird.png"; sourceTree = "<group>"; };
		414E17F819558B8900CBF5E4 /* arrow-left@2x.png */ = {isa = PBXFileReference; lastKnownFileType = image.png; path = "arrow-left@2x.png"; sourceTree = "<group>"; };
		414E17FA19558B9200CBF5E4 /* arrow-right@2x.png */ = {isa = PBXFileReference; lastKnownFileType = image.png; path = "arrow-right@2x.png"; sourceTree = "<group>"; };
		414E17FC19558C1000CBF5E4 /* refresh@2x.png */ = {isa = PBXFileReference; lastKnownFileType = image.png; name = "refresh@2x.png"; path = "../refresh@2x.png"; sourceTree = "<group>"; };
		41866FA8194C0EE100FD3340 /* Infinity.app */ = {isa = PBXFileReference; explicitFileType = wrapper.application; includeInIndex = 0; path = Infinity.app; sourceTree = BUILT_PRODUCTS_DIR; };
		41866FAB194C0EE100FD3340 /* Foundation.framework */ = {isa = PBXFileReference; lastKnownFileType = wrapper.framework; name = Foundation.framework; path = System/Library/Frameworks/Foundation.framework; sourceTree = SDKROOT; };
		41866FAD194C0EE100FD3340 /* CoreGraphics.framework */ = {isa = PBXFileReference; lastKnownFileType = wrapper.framework; name = CoreGraphics.framework; path = System/Library/Frameworks/CoreGraphics.framework; sourceTree = SDKROOT; };
		41866FAF194C0EE100FD3340 /* UIKit.framework */ = {isa = PBXFileReference; lastKnownFileType = wrapper.framework; name = UIKit.framework; path = System/Library/Frameworks/UIKit.framework; sourceTree = SDKROOT; };
		41866FB3194C0EE100FD3340 /* Infinity-Info.plist */ = {isa = PBXFileReference; lastKnownFileType = text.plist.xml; path = "Infinity-Info.plist"; sourceTree = "<group>"; };
		41866FB5194C0EE100FD3340 /* en */ = {isa = PBXFileReference; lastKnownFileType = text.plist.strings; name = en; path = en.lproj/InfoPlist.strings; sourceTree = "<group>"; };
		41866FB7194C0EE100FD3340 /* main.m */ = {isa = PBXFileReference; lastKnownFileType = sourcecode.c.objc; path = main.m; sourceTree = "<group>"; };
		41866FB9194C0EE100FD3340 /* Infinity-Prefix.pch */ = {isa = PBXFileReference; lastKnownFileType = sourcecode.c.h; path = "Infinity-Prefix.pch"; sourceTree = "<group>"; };
		41866FBA194C0EE100FD3340 /* AppDelegate.h */ = {isa = PBXFileReference; lastKnownFileType = sourcecode.c.h; path = AppDelegate.h; sourceTree = "<group>"; };
		41866FBB194C0EE100FD3340 /* AppDelegate.m */ = {isa = PBXFileReference; lastKnownFileType = sourcecode.c.objc; path = AppDelegate.m; sourceTree = "<group>"; };
		41866FBE194C0EE100FD3340 /* Base */ = {isa = PBXFileReference; lastKnownFileType = file.storyboard; name = Base; path = Base.lproj/Main.storyboard; sourceTree = "<group>"; };
		41866FC0194C0EE100FD3340 /* ViewController.h */ = {isa = PBXFileReference; lastKnownFileType = sourcecode.c.h; path = ViewController.h; sourceTree = "<group>"; };
		41866FC1194C0EE100FD3340 /* ViewController.m */ = {isa = PBXFileReference; lastKnownFileType = sourcecode.c.objc; path = ViewController.m; sourceTree = "<group>"; };
		41866FC3194C0EE100FD3340 /* Images.xcassets */ = {isa = PBXFileReference; lastKnownFileType = folder.assetcatalog; path = Images.xcassets; sourceTree = "<group>"; };
		41866FC9194C0EE100FD3340 /* InfinityTests.xctest */ = {isa = PBXFileReference; explicitFileType = wrapper.cfbundle; includeInIndex = 0; path = InfinityTests.xctest; sourceTree = BUILT_PRODUCTS_DIR; };
		41866FCA194C0EE100FD3340 /* XCTest.framework */ = {isa = PBXFileReference; lastKnownFileType = wrapper.framework; name = XCTest.framework; path = Library/Frameworks/XCTest.framework; sourceTree = DEVELOPER_DIR; };
		41866FD2194C0EE100FD3340 /* InfinityTests-Info.plist */ = {isa = PBXFileReference; lastKnownFileType = text.plist.xml; path = "InfinityTests-Info.plist"; sourceTree = "<group>"; };
		41866FD4194C0EE100FD3340 /* en */ = {isa = PBXFileReference; lastKnownFileType = text.plist.strings; name = en; path = en.lproj/InfoPlist.strings; sourceTree = "<group>"; };
		41866FD6194C0EE100FD3340 /* InfinityTests.m */ = {isa = PBXFileReference; lastKnownFileType = sourcecode.c.objc; path = InfinityTests.m; sourceTree = "<group>"; };
		41866FE0194C297C00FD3340 /* TimeLineTableViewController.h */ = {isa = PBXFileReference; fileEncoding = 4; lastKnownFileType = sourcecode.c.h; path = TimeLineTableViewController.h; sourceTree = "<group>"; };
		41866FE1194C297C00FD3340 /* TimeLineTableViewController.m */ = {isa = PBXFileReference; fileEncoding = 4; lastKnownFileType = sourcecode.c.objc; path = TimeLineTableViewController.m; sourceTree = "<group>"; };
		41866FE3194C2BE400FD3340 /* TimeLineCell.h */ = {isa = PBXFileReference; fileEncoding = 4; lastKnownFileType = sourcecode.c.h; path = TimeLineCell.h; sourceTree = "<group>"; };
		41866FE4194C2BE400FD3340 /* TimeLineCell.m */ = {isa = PBXFileReference; fileEncoding = 4; lastKnownFileType = sourcecode.c.objc; path = TimeLineCell.m; sourceTree = "<group>"; };
		41A050B9195519D70071D968 /* DetailViewController.h */ = {isa = PBXFileReference; fileEncoding = 4; lastKnownFileType = sourcecode.c.h; path = DetailViewController.h; sourceTree = "<group>"; };
		41A050BA195519D70071D968 /* DetailViewController.m */ = {isa = PBXFileReference; fileEncoding = 4; lastKnownFileType = sourcecode.c.objc; path = DetailViewController.m; sourceTree = "<group>"; };
		41A050BC19553F500071D968 /* WebViewController.h */ = {isa = PBXFileReference; fileEncoding = 4; lastKnownFileType = sourcecode.c.h; path = WebViewController.h; sourceTree = "<group>"; };
		41A050BD19553F500071D968 /* WebViewController.m */ = {isa = PBXFileReference; fileEncoding = 4; lastKnownFileType = sourcecode.c.objc; path = WebViewController.m; sourceTree = "<group>"; };
/* End PBXFileReference section */

/* Begin PBXFrameworksBuildPhase section */
		41866FA5194C0EE100FD3340 /* Frameworks */ = {
			isa = PBXFrameworksBuildPhase;
			buildActionMask = 2147483647;
			files = (
				41866FAE194C0EE100FD3340 /* CoreGraphics.framework in Frameworks */,
				41866FB0194C0EE100FD3340 /* UIKit.framework in Frameworks */,
				41866FAC194C0EE100FD3340 /* Foundation.framework in Frameworks */,
			);
			runOnlyForDeploymentPostprocessing = 0;
		};
		41866FC6194C0EE100FD3340 /* Frameworks */ = {
			isa = PBXFrameworksBuildPhase;
			buildActionMask = 2147483647;
			files = (
				41866FCB194C0EE100FD3340 /* XCTest.framework in Frameworks */,
				41866FCD194C0EE100FD3340 /* UIKit.framework in Frameworks */,
				41866FCC194C0EE100FD3340 /* Foundation.framework in Frameworks */,
			);
			runOnlyForDeploymentPostprocessing = 0;
		};
/* End PBXFrameworksBuildPhase section */

/* Begin PBXGroup section */
		414E19451955D0DE00CBF5E4 /* New Group */ = {
			isa = PBXGroup;
			children = (
				414E17FA19558B9200CBF5E4 /* arrow-right@2x.png */,
				414E17FC19558C1000CBF5E4 /* refresh@2x.png */,
				414E17F219558A3B00CBF5E4 /* id.png */,
				414E17F819558B8900CBF5E4 /* arrow-left@2x.png */,
				414E17F619558B3600CBF5E4 /* twitter-bird.png */,
				4124BBE21A375C5E0044DE8F /* 200910040517057f0@2x.jpg */,
				414E17E919557CF500CBF5E4 /* new017_03.png */,
			);
			name = "New Group";
			sourceTree = "<group>";
		};
		41866F9F194C0EE100FD3340 = {
			isa = PBXGroup;
			children = (
				41866FB1194C0EE100FD3340 /* Infinity */,
				41866FD0194C0EE100FD3340 /* InfinityTests */,
				41866FAA194C0EE100FD3340 /* Frameworks */,
				41866FA9194C0EE100FD3340 /* Products */,
			);
			sourceTree = "<group>";
		};
		41866FA9194C0EE100FD3340 /* Products */ = {
			isa = PBXGroup;
			children = (
				41866FA8194C0EE100FD3340 /* Infinity.app */,
				41866FC9194C0EE100FD3340 /* InfinityTests.xctest */,
			);
			name = Products;
			sourceTree = "<group>";
		};
		41866FAA194C0EE100FD3340 /* Frameworks */ = {
			isa = PBXGroup;
			children = (
				41866FAB194C0EE100FD3340 /* Foundation.framework */,
				41866FAD194C0EE100FD3340 /* CoreGraphics.framework */,
				41866FAF194C0EE100FD3340 /* UIKit.framework */,
				41866FCA194C0EE100FD3340 /* XCTest.framework */,
			);
			name = Frameworks;
			sourceTree = "<group>";
		};
		41866FB1194C0EE100FD3340 /* Infinity */ = {
			isa = PBXGroup;
			children = (
				414E19451955D0DE00CBF5E4 /* New Group */,
				41866FBA194C0EE100FD3340 /* AppDelegate.h */,
				41866FBB194C0EE100FD3340 /* AppDelegate.m */,
				41866FBD194C0EE100FD3340 /* Main.storyboard */,
				41866FC0194C0EE100FD3340 /* ViewController.h */,
				41866FC1194C0EE100FD3340 /* ViewController.m */,
				41866FC3194C0EE100FD3340 /* Images.xcassets */,
				41866FB2194C0EE100FD3340 /* Supporting Files */,
				41866FE0194C297C00FD3340 /* TimeLineTableViewController.h */,
				41866FE1194C297C00FD3340 /* TimeLineTableViewController.m */,
				41866FE3194C2BE400FD3340 /* TimeLineCell.h */,
				41866FE4194C2BE400FD3340 /* TimeLineCell.m */,
				41A050B9195519D70071D968 /* DetailViewController.h */,
				41A050BA195519D70071D968 /* DetailViewController.m */,
				41A050BC19553F500071D968 /* WebViewController.h */,
				41A050BD19553F500071D968 /* WebViewController.m */,
				41305AA9195544BF00586DF3 /* MyUIApplication.h */,
				41305AAA195544BF00586DF3 /* MyUIApplication.m */,
				414E17DA19556C1900CBF5E4 /* TweetSheetViewController.h */,
				414E17DB19556C1900CBF5E4 /* TweetSheetViewController.m */,
			);
			path = Infinity;
			sourceTree = "<group>";
		};
		41866FB2194C0EE100FD3340 /* Supporting Files */ = {
			isa = PBXGroup;
			children = (
				41866FB3194C0EE100FD3340 /* Infinity-Info.plist */,
				41866FB4194C0EE100FD3340 /* InfoPlist.strings */,
				41866FB7194C0EE100FD3340 /* main.m */,
				41866FB9194C0EE100FD3340 /* Infinity-Prefix.pch */,
			);
			name = "Supporting Files";
			sourceTree = "<group>";
		};
		41866FD0194C0EE100FD3340 /* InfinityTests */ = {
			isa = PBXGroup;
			children = (
				41866FD6194C0EE100FD3340 /* InfinityTests.m */,
				41866FD1194C0EE100FD3340 /* Supporting Files */,
			);
			path = InfinityTests;
			sourceTree = "<group>";
		};
		41866FD1194C0EE100FD3340 /* Supporting Files */ = {
			isa = PBXGroup;
			children = (
				41866FD2194C0EE100FD3340 /* InfinityTests-Info.plist */,
				41866FD3194C0EE100FD3340 /* InfoPlist.strings */,
			);
			name = "Supporting Files";
			sourceTree = "<group>";
		};
/* End PBXGroup section */

/* Begin PBXNativeTarget section */
		41866FA7194C0EE100FD3340 /* Infinity */ = {
			isa = PBXNativeTarget;
			buildConfigurationList = 41866FDA194C0EE100FD3340 /* Build configuration list for PBXNativeTarget "Infinity" */;
			buildPhases = (
				41866FA4194C0EE100FD3340 /* Sources */,
				41866FA5194C0EE100FD3340 /* Frameworks */,
				41866FA6194C0EE100FD3340 /* Resources */,
			);
			buildRules = (
			);
			dependencies = (
			);
			name = Infinity;
			productName = Infinity;
			productReference = 41866FA8194C0EE100FD3340 /* Infinity.app */;
			productType = "com.apple.product-type.application";
		};
		41866FC8194C0EE100FD3340 /* InfinityTests */ = {
			isa = PBXNativeTarget;
			buildConfigurationList = 41866FDD194C0EE100FD3340 /* Build configuration list for PBXNativeTarget "InfinityTests" */;
			buildPhases = (
				41866FC5194C0EE100FD3340 /* Sources */,
				41866FC6194C0EE100FD3340 /* Frameworks */,
				41866FC7194C0EE100FD3340 /* Resources */,
			);
			buildRules = (
			);
			dependencies = (
				41866FCF194C0EE100FD3340 /* PBXTargetDependency */,
			);
			name = InfinityTests;
			productName = InfinityTests;
			productReference = 41866FC9194C0EE100FD3340 /* InfinityTests.xctest */;
			productType = "com.apple.product-type.bundle.unit-test";
		};
/* End PBXNativeTarget section */

/* Begin PBXProject section */
		41866FA0194C0EE100FD3340 /* Project object */ = {
			isa = PBXProject;
			attributes = {
				LastUpgradeCheck = 0510;
				ORGANIZATIONNAME = "___FULLUSERNAME__";
				TargetAttributes = {
					41866FA7194C0EE100FD3340 = {
						DevelopmentTeam = P4GR5U4Y4Q;
					};
					41866FC8194C0EE100FD3340 = {
						TestTargetID = 41866FA7194C0EE100FD3340;
					};
				};
			};
			buildConfigurationList = 41866FA3194C0EE100FD3340 /* Build configuration list for PBXProject "Infinity" */;
			compatibilityVersion = "Xcode 3.2";
			developmentRegion = English;
			hasScannedForEncodings = 0;
			knownRegions = (
				en,
				Base,
			);
			mainGroup = 41866F9F194C0EE100FD3340;
			productRefGroup = 41866FA9194C0EE100FD3340 /* Products */;
			projectDirPath = "";
			projectRoot = "";
			targets = (
				41866FA7194C0EE100FD3340 /* Infinity */,
				41866FC8194C0EE100FD3340 /* InfinityTests */,
			);
		};
/* End PBXProject section */

/* Begin PBXResourcesBuildPhase section */
		41866FA6194C0EE100FD3340 /* Resources */ = {
			isa = PBXResourcesBuildPhase;
			buildActionMask = 2147483647;
			files = (
				414E17F319558A3B00CBF5E4 /* id.png in Resources */,
				414E17EA19557CF500CBF5E4 /* new017_03.png in Resources */,
				414E17F919558B8900CBF5E4 /* arrow-left@2x.png in Resources */,
				414E17FB19558B9200CBF5E4 /* arrow-right@2x.png in Resources */,
				414E17FD19558C1000CBF5E4 /* refresh@2x.png in Resources */,
				414E17F719558B3600CBF5E4 /* twitter-bird.png in Resources */,
				41866FC4194C0EE100FD3340 /* Images.xcassets in Resources */,
				41866FB6194C0EE100FD3340 /* InfoPlist.strings in Resources */,
				4124BBE31A375C5E0044DE8F /* 200910040517057f0@2x.jpg in Resources */,
				41866FBF194C0EE100FD3340 /* Main.storyboard in Resources */,
			);
			runOnlyForDeploymentPostprocessing = 0;
		};
		41866FC7194C0EE100FD3340 /* Resources */ = {
			isa = PBXResourcesBuildPhase;
			buildActionMask = 2147483647;
			files = (
				41866FD5194C0EE100FD3340 /* InfoPlist.strings in Resources */,
			);
			runOnlyForDeploymentPostprocessing = 0;
		};
/* End PBXResourcesBuildPhase section */

/* Begin PBXSourcesBuildPhase section */
		41866FA4194C0EE100FD3340 /* Sources */ = {
			isa = PBXSourcesBuildPhase;
			buildActionMask = 2147483647;
			files = (
				41866FE5194C2BE400FD3340 /* TimeLineCell.m in Sources */,
				41A050BE19553F500071D968 /* WebViewController.m in Sources */,
				41866FC2194C0EE100FD3340 /* ViewController.m in Sources */,
				41866FBC194C0EE100FD3340 /* AppDelegate.m in Sources */,
				41305AAB195544BF00586DF3 /* MyUIApplication.m in Sources */,
				414E17DC19556C1900CBF5E4 /* TweetSheetViewController.m in Sources */,
				41866FE2194C297C00FD3340 /* TimeLineTableViewController.m in Sources */,
				41866FB8194C0EE100FD3340 /* main.m in Sources */,
				41A050BB195519D70071D968 /* DetailViewController.m in Sources */,
			);
			runOnlyForDeploymentPostprocessing = 0;
		};
		41866FC5194C0EE100FD3340 /* Sources */ = {
			isa = PBXSourcesBuildPhase;
			buildActionMask = 2147483647;
			files = (
				41866FD7194C0EE100FD3340 /* InfinityTests.m in Sources */,
			);
			runOnlyForDeploymentPostprocessing = 0;
		};
/* End PBXSourcesBuildPhase section */

/* Begin PBXTargetDependency section */
		41866FCF194C0EE100FD3340 /* PBXTargetDependency */ = {
			isa = PBXTargetDependency;
			target = 41866FA7194C0EE100FD3340 /* Infinity */;
			targetProxy = 41866FCE194C0EE100FD3340 /* PBXContainerItemProxy */;
		};
/* End PBXTargetDependency section */

/* Begin PBXVariantGroup section */
		41866FB4194C0EE100FD3340 /* InfoPlist.strings */ = {
			isa = PBXVariantGroup;
			children = (
				41866FB5194C0EE100FD3340 /* en */,
			);
			name = InfoPlist.strings;
			sourceTree = "<group>";
		};
		41866FBD194C0EE100FD3340 /* Main.storyboard */ = {
			isa = PBXVariantGroup;
			children = (
				41866FBE194C0EE100FD3340 /* Base */,
			);
			name = Main.storyboard;
			sourceTree = "<group>";
		};
		41866FD3194C0EE100FD3340 /* InfoPlist.strings */ = {
			isa = PBXVariantGroup;
			children = (
				41866FD4194C0EE100FD3340 /* en */,
			);
			name = InfoPlist.strings;
			sourceTree = "<group>";
		};
/* End PBXVariantGroup section */

/* Begin XCBuildConfiguration section */
		41866FD8194C0EE100FD3340 /* Debug */ = {
			isa = XCBuildConfiguration;
			buildSettings = {
				ALWAYS_SEARCH_USER_PATHS = NO;
				CLANG_CXX_LANGUAGE_STANDARD = "gnu++0x";
				CLANG_CXX_LIBRARY = "libc++";
				CLANG_ENABLE_MODULES = YES;
				CLANG_ENABLE_OBJC_ARC = YES;
				CLANG_WARN_BOOL_CONVERSION = YES;
				CLANG_WARN_CONSTANT_CONVERSION = YES;
				CLANG_WARN_DIRECT_OBJC_ISA_USAGE = YES_ERROR;
				CLANG_WARN_EMPTY_BODY = YES;
				CLANG_WARN_ENUM_CONVERSION = YES;
				CLANG_WARN_INT_CONVERSION = YES;
				CLANG_WARN_OBJC_ROOT_CLASS = YES_ERROR;
				CLANG_WARN__DUPLICATE_METHOD_MATCH = YES;
				"CODE_SIGN_IDENTITY[sdk=iphoneos*]" = "iPhone Developer";
				COPY_PHASE_STRIP = NO;
				GCC_C_LANGUAGE_STANDARD = gnu99;
				GCC_DYNAMIC_NO_PIC = NO;
				GCC_OPTIMIZATION_LEVEL = 0;
				GCC_PREPROCESSOR_DEFINITIONS = (
					"DEBUG=1",
					"$(inherited)",
				);
				GCC_SYMBOLS_PRIVATE_EXTERN = NO;
				GCC_WARN_64_TO_32_BIT_CONVERSION = YES;
				GCC_WARN_ABOUT_RETURN_TYPE = YES_ERROR;
				GCC_WARN_UNDECLARED_SELECTOR = YES;
				GCC_WARN_UNINITIALIZED_AUTOS = YES_AGGRESSIVE;
				GCC_WARN_UNUSED_FUNCTION = YES;
				GCC_WARN_UNUSED_VARIABLE = YES;
				IPHONEOS_DEPLOYMENT_TARGET = 7.1;
				ONLY_ACTIVE_ARCH = YES;
				SDKROOT = iphoneos;
			};
			name = Debug;
		};
		41866FD9194C0EE100FD3340 /* Release */ = {
			isa = XCBuildConfiguration;
			buildSettings = {
				ALWAYS_SEARCH_USER_PATHS = NO;
				CLANG_CXX_LANGUAGE_STANDARD = "gnu++0x";
				CLANG_CXX_LIBRARY = "libc++";
				CLANG_ENABLE_MODULES = YES;
				CLANG_ENABLE_OBJC_ARC = YES;
				CLANG_WARN_BOOL_CONVERSION = YES;
				CLANG_WARN_CONSTANT_CONVERSION = YES;
				CLANG_WARN_DIRECT_OBJC_ISA_USAGE = YES_ERROR;
				CLANG_WARN_EMPTY_BODY = YES;
				CLANG_WARN_ENUM_CONVERSION = YES;
				CLANG_WARN_INT_CONVERSION = YES;
				CLANG_WARN_OBJC_ROOT_CLASS = YES_ERROR;
				CLANG_WARN__DUPLICATE_METHOD_MATCH = YES;
				"CODE_SIGN_IDENTITY[sdk=iphoneos*]" = "iPhone Developer";
				COPY_PHASE_STRIP = YES;
				ENABLE_NS_ASSERTIONS = NO;
				GCC_C_LANGUAGE_STANDARD = gnu99;
				GCC_WARN_64_TO_32_BIT_CONVERSION = YES;
				GCC_WARN_ABOUT_RETURN_TYPE = YES_ERROR;
				GCC_WARN_UNDECLARED_SELECTOR = YES;
				GCC_WARN_UNINITIALIZED_AUTOS = YES_AGGRESSIVE;
				GCC_WARN_UNUSED_FUNCTION = YES;
				GCC_WARN_UNUSED_VARIABLE = YES;
				IPHONEOS_DEPLOYMENT_TARGET = 7.1;
				SDKROOT = iphoneos;
				VALIDATE_PRODUCT = YES;
			};
			name = Release;
		};
		41866FDB194C0EE100FD3340 /* Debug */ = {
			isa = XCBuildConfiguration;
			buildSettings = {
				ASSETCATALOG_COMPILER_APPICON_NAME = AppIcon;
				ASSETCATALOG_COMPILER_LAUNCHIMAGE_NAME = LaunchImage;
				CODE_SIGN_IDENTITY = "iPhone Developer";
				"CODE_SIGN_IDENTITY[sdk=iphoneos*]" = "iPhone Developer";
				GCC_PRECOMPILE_PREFIX_HEADER = YES;
				GCC_PREFIX_HEADER = "Infinity/Infinity-Prefix.pch";
				INFOPLIST_FILE = "Infinity/Infinity-Info.plist";
				IPHONEOS_DEPLOYMENT_TARGET = 8.0;
				PRODUCT_NAME = "$(TARGET_NAME)";
				PROVISIONING_PROFILE = "";
				TARGETED_DEVICE_FAMILY = "1,2";
				WRAPPER_EXTENSION = app;
			};
			name = Debug;
		};
		41866FDC194C0EE100FD3340 /* Release */ = {
			isa = XCBuildConfiguration;
			buildSettings = {
				ASSETCATALOG_COMPILER_APPICON_NAME = AppIcon;
				ASSETCATALOG_COMPILER_LAUNCHIMAGE_NAME = LaunchImage;
				CODE_SIGN_IDENTITY = "iPhone Developer";
				"CODE_SIGN_IDENTITY[sdk=iphoneos*]" = "iPhone Developer";
				GCC_PRECOMPILE_PREFIX_HEADER = YES;
				GCC_PREFIX_HEADER = "Infinity/Infinity-Prefix.pch";
				INFOPLIST_FILE = "Infinity/Infinity-Info.plist";
				IPHONEOS_DEPLOYMENT_TARGET = 8.0;
				PRODUCT_NAME = "$(TARGET_NAME)";
				PROVISIONING_PROFILE = "";
				TARGETED_DEVICE_FAMILY = "1,2";
				WRAPPER_EXTENSION = app;
			};
			name = Release;
		};
		41866FDE194C0EE100FD3340 /* Debug */ = {
			isa = XCBuildConfiguration;
			buildSettings = {
				BUNDLE_LOADER = "$(BUILT_PRODUCTS_DIR)/Infinity.app/Infinity";
				FRAMEWORK_SEARCH_PATHS = (
					"$(SDKROOT)/Developer/Library/Frameworks",
					"$(inherited)",
					"$(DEVELOPER_FRAMEWORKS_DIR)",
				);
				GCC_PRECOMPILE_PREFIX_HEADER = YES;
				GCC_PREFIX_HEADER = "Infinity/Infinity-Prefix.pch";
				GCC_PREPROCESSOR_DEFINITIONS = (
					"DEBUG=1",
					"$(inherited)",
				);
				INFOPLIST_FILE = "InfinityTests/InfinityTests-Info.plist";
				PRODUCT_NAME = "$(TARGET_NAME)";
				TEST_HOST = "$(BUNDLE_LOADER)";
				WRAPPER_EXTENSION = xctest;
			};
			name = Debug;
		};
		41866FDF194C0EE100FD3340 /* Release */ = {
			isa = XCBuildConfiguration;
			buildSettings = {
				BUNDLE_LOADER = "$(BUILT_PRODUCTS_DIR)/Infinity.app/Infinity";
				FRAMEWORK_SEARCH_PATHS = (
					"$(SDKROOT)/Developer/Library/Frameworks",
					"$(inherited)",
					"$(DEVELOPER_FRAMEWORKS_DIR)",
				);
				GCC_PRECOMPILE_PREFIX_HEADER = YES;
				GCC_PREFIX_HEADER = "Infinity/Infinity-Prefix.pch";
				INFOPLIST_FILE = "InfinityTests/InfinityTests-Info.plist";
				PRODUCT_NAME = "$(TARGET_NAME)";
				TEST_HOST = "$(BUNDLE_LOADER)";
				WRAPPER_EXTENSION = xctest;
			};
			name = Release;
		};
/* End XCBuildConfiguration section */

/* Begin XCConfigurationList section */
		41866FA3194C0EE100FD3340 /* Build configuration list for PBXProject "Infinity" */ = {
			isa = XCConfigurationList;
			buildConfigurations = (
				41866FD8194C0EE100FD3340 /* Debug */,
				41866FD9194C0EE100FD3340 /* Release */,
			);
			defaultConfigurationIsVisible = 0;
			defaultConfigurationName = Release;
		};
		41866FDA194C0EE100FD3340 /* Build configuration list for PBXNativeTarget "Infinity" */ = {
			isa = XCConfigurationList;
			buildConfigurations = (
				41866FDB194C0EE100FD3340 /* Debug */,
				41866FDC194C0EE100FD3340 /* Release */,
			);
			defaultConfigurationIsVisible = 0;
			defaultConfigurationName = Release;
		};
		41866FDD194C0EE100FD3340 /* Build configuration list for PBXNativeTarget "InfinityTests" */ = {
			isa = XCConfigurationList;
			buildConfigurations = (
				41866FDE194C0EE100FD3340 /* Debug */,
				41866FDF194C0EE100FD3340 /* Release */,
			);
			defaultConfigurationIsVisible = 0;
			defaultConfigurationName = Release;
		};
/* End XCConfigurationList section */
	};
	rootObject = 41866FA0194C0EE100FD3340 /* Project object */;
}
